// !$*UTF8*$!
{
	archiveVersion = 1;
	classes = {
	};
	objectVersion = 48;
	objects = {

/* Begin PBXBuildFile section */
		784817771FAF40860021D0FA /* BugsScene.m in Sources */ = {isa = PBXBuildFile; fileRef = 784817761FAF40860021D0FA /* BugsScene.m */; };
		784817781FAF40860021D0FA /* BugsScene.m in Sources */ = {isa = PBXBuildFile; fileRef = 784817761FAF40860021D0FA /* BugsScene.m */; };
		7848177B1FAF49B60021D0FA /* GameScene.m in Sources */ = {isa = PBXBuildFile; fileRef = 7848177A1FAF448E0021D0FA /* GameScene.m */; };
		7848177C1FAF49B60021D0FA /* GameScene.m in Sources */ = {isa = PBXBuildFile; fileRef = 7848177A1FAF448E0021D0FA /* GameScene.m */; };
		787059091FCF4FD400C22C4C /* TPBugGenerator.m in Sources */ = {isa = PBXBuildFile; fileRef = 787059081FCF4FD400C22C4C /* TPBugGenerator.m */; };
		7870590A1FCF4FD400C22C4C /* TPBugGenerator.m in Sources */ = {isa = PBXBuildFile; fileRef = 787059081FCF4FD400C22C4C /* TPBugGenerator.m */; };
		788018A11FBD910C00011A18 /* DebugNode.m in Sources */ = {isa = PBXBuildFile; fileRef = 788018A01FBD910C00011A18 /* DebugNode.m */; };
		788018A21FBD910C00011A18 /* DebugNode.m in Sources */ = {isa = PBXBuildFile; fileRef = 788018A01FBD910C00011A18 /* DebugNode.m */; };
		788018A81FBE276800011A18 /* bug-tap.sks in Resources */ = {isa = PBXBuildFile; fileRef = 788018A71FBE276800011A18 /* bug-tap.sks */; };
		788018A91FBE276800011A18 /* bug-tap.sks in Resources */ = {isa = PBXBuildFile; fileRef = 788018A71FBE276800011A18 /* bug-tap.sks */; };
		788018B11FBE2C6900011A18 /* Assets.xcassets in Resources */ = {isa = PBXBuildFile; fileRef = 788018AE1FBE2C6900011A18 /* Assets.xcassets */; };
		788018B21FBE2C6900011A18 /* Assets.xcassets in Resources */ = {isa = PBXBuildFile; fileRef = 788018AE1FBE2C6900011A18 /* Assets.xcassets */; };
		788018B51FBF711A00011A18 /* TPEmitter.m in Sources */ = {isa = PBXBuildFile; fileRef = 788018B41FBF711A00011A18 /* TPEmitter.m */; };
		788018B61FBF711A00011A18 /* TPEmitter.m in Sources */ = {isa = PBXBuildFile; fileRef = 788018B41FBF711A00011A18 /* TPEmitter.m */; };
		788018B81FBF84F900011A18 /* flower-r.png in Resources */ = {isa = PBXBuildFile; fileRef = 788018B71FBF84F900011A18 /* flower-r.png */; };
		788018B91FBF84F900011A18 /* flower-r.png in Resources */ = {isa = PBXBuildFile; fileRef = 788018B71FBF84F900011A18 /* flower-r.png */; };
		78A541291FC4B7A6005F7D5E /* daisy.png in Resources */ = {isa = PBXBuildFile; fileRef = 78A541281FC4B7A5005F7D5E /* daisy.png */; };
		78A5412A1FC4B7A6005F7D5E /* daisy.png in Resources */ = {isa = PBXBuildFile; fileRef = 78A541281FC4B7A5005F7D5E /* daisy.png */; };
		78A5412C1FC4B7EE005F7D5E /* bug-tap2.sks in Resources */ = {isa = PBXBuildFile; fileRef = 78A5412B1FC4B7ED005F7D5E /* bug-tap2.sks */; };
		78A5412D1FC4B7EE005F7D5E /* bug-tap2.sks in Resources */ = {isa = PBXBuildFile; fileRef = 78A5412B1FC4B7ED005F7D5E /* bug-tap2.sks */; };
		78A541311FC4C355005F7D5E /* TPBlueBug.m in Sources */ = {isa = PBXBuildFile; fileRef = 78A541301FC4C355005F7D5E /* TPBlueBug.m */; };
		78A541321FC4C355005F7D5E /* TPBlueBug.m in Sources */ = {isa = PBXBuildFile; fileRef = 78A541301FC4C355005F7D5E /* TPBlueBug.m */; };
		78A541341FC5F34C005F7D5E /* Bugs@2x.atlas in Resources */ = {isa = PBXBuildFile; fileRef = 78A541331FC5F34C005F7D5E /* Bugs@2x.atlas */; };
		78A541351FC5F34C005F7D5E /* Bugs@2x.atlas in Resources */ = {isa = PBXBuildFile; fileRef = 78A541331FC5F34C005F7D5E /* Bugs@2x.atlas */; };
		78A541371FC5F3E7005F7D5E /* Bugs.atlas in Resources */ = {isa = PBXBuildFile; fileRef = 78A541361FC5F3E6005F7D5E /* Bugs.atlas */; };
		78A541381FC5F3E7005F7D5E /* Bugs.atlas in Resources */ = {isa = PBXBuildFile; fileRef = 78A541361FC5F3E6005F7D5E /* Bugs.atlas */; };
		78A5413B1FC5FDC8005F7D5E /* TPRedFly.m in Sources */ = {isa = PBXBuildFile; fileRef = 78A5413A1FC5FDC8005F7D5E /* TPRedFly.m */; };
		78A5413C1FC5FDC8005F7D5E /* TPRedFly.m in Sources */ = {isa = PBXBuildFile; fileRef = 78A5413A1FC5FDC8005F7D5E /* TPRedFly.m */; };
		78AE83621FADEB5D003B1A34 /* AppDelegate.m in Sources */ = {isa = PBXBuildFile; fileRef = 78AE83611FADEB5D003B1A34 /* AppDelegate.m */; };
		78AE83651FADEB5D003B1A34 /* GameViewController.m in Sources */ = {isa = PBXBuildFile; fileRef = 78AE83641FADEB5D003B1A34 /* GameViewController.m */; };
		78AE83681FADEB5D003B1A34 /* Main.storyboard in Resources */ = {isa = PBXBuildFile; fileRef = 78AE83661FADEB5D003B1A34 /* Main.storyboard */; };
		78AE836B1FADEB5D003B1A34 /* LaunchScreen.storyboard in Resources */ = {isa = PBXBuildFile; fileRef = 78AE83691FADEB5D003B1A34 /* LaunchScreen.storyboard */; };
		78AE836E1FADEB5D003B1A34 /* main.m in Sources */ = {isa = PBXBuildFile; fileRef = 78AE836D1FADEB5D003B1A34 /* main.m */; };
		78AE83771FADEB5D003B1A34 /* AppDelegate.m in Sources */ = {isa = PBXBuildFile; fileRef = 78AE83761FADEB5D003B1A34 /* AppDelegate.m */; };
		78AE837A1FADEB5D003B1A34 /* GameViewController.m in Sources */ = {isa = PBXBuildFile; fileRef = 78AE83791FADEB5D003B1A34 /* GameViewController.m */; };
		78AE837D1FADEB5D003B1A34 /* Main.storyboard in Resources */ = {isa = PBXBuildFile; fileRef = 78AE837B1FADEB5D003B1A34 /* Main.storyboard */; };
		78AE83801FADEB5D003B1A34 /* main.m in Sources */ = {isa = PBXBuildFile; fileRef = 78AE837F1FADEB5D003B1A34 /* main.m */; };
		78AE83811FADEB5D003B1A34 /* Actions.sks in Resources */ = {isa = PBXBuildFile; fileRef = 78AE83541FADEB5D003B1A34 /* Actions.sks */; };
		78AE83821FADEB5D003B1A34 /* Actions.sks in Resources */ = {isa = PBXBuildFile; fileRef = 78AE83541FADEB5D003B1A34 /* Actions.sks */; };
		78AE83831FADEB5D003B1A34 /* BugsScene.sks in Resources */ = {isa = PBXBuildFile; fileRef = 78AE83551FADEB5D003B1A34 /* BugsScene.sks */; };
		78AE83841FADEB5D003B1A34 /* BugsScene.sks in Resources */ = {isa = PBXBuildFile; fileRef = 78AE83551FADEB5D003B1A34 /* BugsScene.sks */; };
		78AE83871FADEB5D003B1A34 /* Assets.xcassets in Resources */ = {isa = PBXBuildFile; fileRef = 78AE83581FADEB5D003B1A34 /* Assets.xcassets */; };
		78AE83881FADEB5D003B1A34 /* Assets.xcassets in Resources */ = {isa = PBXBuildFile; fileRef = 78AE83581FADEB5D003B1A34 /* Assets.xcassets */; };
		78AE83951FADED22003B1A34 /* TPBug.m in Sources */ = {isa = PBXBuildFile; fileRef = 78AE83941FADED22003B1A34 /* TPBug.m */; };
		78AE83961FADED22003B1A34 /* TPBug.m in Sources */ = {isa = PBXBuildFile; fileRef = 78AE83941FADED22003B1A34 /* TPBug.m */; };
		78AE83991FADEF33003B1A34 /* TPSharedTextureAtlas.m in Sources */ = {isa = PBXBuildFile; fileRef = 78AE83981FADEF33003B1A34 /* TPSharedTextureAtlas.m */; };
		78AE839A1FADEF33003B1A34 /* TPSharedTextureAtlas.m in Sources */ = {isa = PBXBuildFile; fileRef = 78AE83981FADEF33003B1A34 /* TPSharedTextureAtlas.m */; };
		78CF8D131FB0E71F00233F18 /* TPObject.m in Sources */ = {isa = PBXBuildFile; fileRef = 78CF8D121FB0E71F00233F18 /* TPObject.m */; };
		78CF8D141FB0E71F00233F18 /* TPObject.m in Sources */ = {isa = PBXBuildFile; fileRef = 78CF8D121FB0E71F00233F18 /* TPObject.m */; };
		78CF8D171FB0E88700233F18 /* TPEvent.m in Sources */ = {isa = PBXBuildFile; fileRef = 78CF8D161FB0E88700233F18 /* TPEvent.m */; };
		78CF8D181FB0E88700233F18 /* TPEvent.m in Sources */ = {isa = PBXBuildFile; fileRef = 78CF8D161FB0E88700233F18 /* TPEvent.m */; };
		78CF8D1C1FB0EAE400233F18 /* TPRunState.m in Sources */ = {isa = PBXBuildFile; fileRef = 78CF8D1B1FB0EAE400233F18 /* TPRunState.m */; };
		78CF8D1D1FB0EAE400233F18 /* TPRunState.m in Sources */ = {isa = PBXBuildFile; fileRef = 78CF8D1B1FB0EAE400233F18 /* TPRunState.m */; };
		78CF8D201FB10B1900233F18 /* TPTurnState.m in Sources */ = {isa = PBXBuildFile; fileRef = 78CF8D1F1FB10B1900233F18 /* TPTurnState.m */; };
		78CF8D211FB10B1900233F18 /* TPTurnState.m in Sources */ = {isa = PBXBuildFile; fileRef = 78CF8D1F1FB10B1900233F18 /* TPTurnState.m */; };
		78CF8D261FB205D700233F18 /* FSMStackMachine.m in Sources */ = {isa = PBXBuildFile; fileRef = 78CF8D251FB205D700233F18 /* FSMStackMachine.m */; };
		78CF8D271FB205D700233F18 /* FSMStackMachine.m in Sources */ = {isa = PBXBuildFile; fileRef = 78CF8D251FB205D700233F18 /* FSMStackMachine.m */; };
		78CF8D2B1FB2068C00233F18 /* Stack.m in Sources */ = {isa = PBXBuildFile; fileRef = 78CF8D2A1FB2068C00233F18 /* Stack.m */; };
		78CF8D2C1FB2068C00233F18 /* Stack.m in Sources */ = {isa = PBXBuildFile; fileRef = 78CF8D2A1FB2068C00233F18 /* Stack.m */; };
		78CF8D2F1FB214F800233F18 /* TPDieState.m in Sources */ = {isa = PBXBuildFile; fileRef = 78CF8D2E1FB214F800233F18 /* TPDieState.m */; };
		78CF8D301FB214F800233F18 /* TPDieState.m in Sources */ = {isa = PBXBuildFile; fileRef = 78CF8D2E1FB214F800233F18 /* TPDieState.m */; };
		78CF8D331FB24B1800233F18 /* TPDeadState.m in Sources */ = {isa = PBXBuildFile; fileRef = 78CF8D321FB24B1800233F18 /* TPDeadState.m */; };
		78CF8D341FB24B1800233F18 /* TPDeadState.m in Sources */ = {isa = PBXBuildFile; fileRef = 78CF8D321FB24B1800233F18 /* TPDeadState.m */; };
/* End PBXBuildFile section */

/* Begin PBXFileReference section */
		784817751FAF40860021D0FA /* BugsScene.h */ = {isa = PBXFileReference; lastKnownFileType = sourcecode.c.h; path = BugsScene.h; sourceTree = "<group>"; };
		784817761FAF40860021D0FA /* BugsScene.m */ = {isa = PBXFileReference; lastKnownFileType = sourcecode.c.objc; path = BugsScene.m; sourceTree = "<group>"; };
		784817791FAF448E0021D0FA /* GameScene.h */ = {isa = PBXFileReference; lastKnownFileType = sourcecode.c.h; path = GameScene.h; sourceTree = "<group>"; };
		7848177A1FAF448E0021D0FA /* GameScene.m */ = {isa = PBXFileReference; lastKnownFileType = sourcecode.c.objc; path = GameScene.m; sourceTree = "<group>"; };
		787059071FCF4FD400C22C4C /* TPBugGenerator.h */ = {isa = PBXFileReference; lastKnownFileType = sourcecode.c.h; path = TPBugGenerator.h; sourceTree = "<group>"; };
		787059081FCF4FD400C22C4C /* TPBugGenerator.m */ = {isa = PBXFileReference; lastKnownFileType = sourcecode.c.objc; path = TPBugGenerator.m; sourceTree = "<group>"; };
		7880189F1FBD910C00011A18 /* DebugNode.h */ = {isa = PBXFileReference; lastKnownFileType = sourcecode.c.h; path = DebugNode.h; sourceTree = "<group>"; };
		788018A01FBD910C00011A18 /* DebugNode.m */ = {isa = PBXFileReference; lastKnownFileType = sourcecode.c.objc; path = DebugNode.m; sourceTree = "<group>"; };
		788018A71FBE276800011A18 /* bug-tap.sks */ = {isa = PBXFileReference; lastKnownFileType = file.sks; path = "bug-tap.sks"; sourceTree = "<group>"; };
		788018AE1FBE2C6900011A18 /* Assets.xcassets */ = {isa = PBXFileReference; lastKnownFileType = folder.assetcatalog; path = Assets.xcassets; sourceTree = "<group>"; };
		788018B31FBF711A00011A18 /* TPEmitter.h */ = {isa = PBXFileReference; lastKnownFileType = sourcecode.c.h; path = TPEmitter.h; sourceTree = "<group>"; };
		788018B41FBF711A00011A18 /* TPEmitter.m */ = {isa = PBXFileReference; lastKnownFileType = sourcecode.c.objc; path = TPEmitter.m; sourceTree = "<group>"; };
		788018B71FBF84F900011A18 /* flower-r.png */ = {isa = PBXFileReference; lastKnownFileType = image.png; path = "flower-r.png"; sourceTree = "<group>"; };
		78A541281FC4B7A5005F7D5E /* daisy.png */ = {isa = PBXFileReference; lastKnownFileType = image.png; path = daisy.png; sourceTree = "<group>"; };
		78A5412B1FC4B7ED005F7D5E /* bug-tap2.sks */ = {isa = PBXFileReference; lastKnownFileType = file.sks; path = "bug-tap2.sks"; sourceTree = "<group>"; };
		78A5412F1FC4C355005F7D5E /* TPBlueBug.h */ = {isa = PBXFileReference; lastKnownFileType = sourcecode.c.h; path = TPBlueBug.h; sourceTree = "<group>"; };
		78A541301FC4C355005F7D5E /* TPBlueBug.m */ = {isa = PBXFileReference; lastKnownFileType = sourcecode.c.objc; path = TPBlueBug.m; sourceTree = "<group>"; };
		78A541331FC5F34C005F7D5E /* Bugs@2x.atlas */ = {isa = PBXFileReference; lastKnownFileType = folder.skatlas; path = "Bugs@2x.atlas"; sourceTree = "<group>"; };
		78A541361FC5F3E6005F7D5E /* Bugs.atlas */ = {isa = PBXFileReference; lastKnownFileType = folder.skatlas; path = Bugs.atlas; sourceTree = "<group>"; };
		78A541391FC5FDC8005F7D5E /* TPRedFly.h */ = {isa = PBXFileReference; lastKnownFileType = sourcecode.c.h; path = TPRedFly.h; sourceTree = "<group>"; };
		78A5413A1FC5FDC8005F7D5E /* TPRedFly.m */ = {isa = PBXFileReference; lastKnownFileType = sourcecode.c.objc; path = TPRedFly.m; sourceTree = "<group>"; };
		78AE83541FADEB5D003B1A34 /* Actions.sks */ = {isa = PBXFileReference; lastKnownFileType = file.sks; path = Actions.sks; sourceTree = "<group>"; };
		78AE83551FADEB5D003B1A34 /* BugsScene.sks */ = {isa = PBXFileReference; lastKnownFileType = file.sks; path = BugsScene.sks; sourceTree = "<group>"; };
		78AE83581FADEB5D003B1A34 /* Assets.xcassets */ = {isa = PBXFileReference; lastKnownFileType = folder.assetcatalog; path = Assets.xcassets; sourceTree = "<group>"; };
		78AE835D1FADEB5D003B1A34 /* tappa.app */ = {isa = PBXFileReference; explicitFileType = wrapper.application; includeInIndex = 0; path = tappa.app; sourceTree = BUILT_PRODUCTS_DIR; };
		78AE83601FADEB5D003B1A34 /* AppDelegate.h */ = {isa = PBXFileReference; lastKnownFileType = sourcecode.c.h; path = AppDelegate.h; sourceTree = "<group>"; };
		78AE83611FADEB5D003B1A34 /* AppDelegate.m */ = {isa = PBXFileReference; lastKnownFileType = sourcecode.c.objc; path = AppDelegate.m; sourceTree = "<group>"; };
		78AE83631FADEB5D003B1A34 /* GameViewController.h */ = {isa = PBXFileReference; lastKnownFileType = sourcecode.c.h; path = GameViewController.h; sourceTree = "<group>"; };
		78AE83641FADEB5D003B1A34 /* GameViewController.m */ = {isa = PBXFileReference; lastKnownFileType = sourcecode.c.objc; path = GameViewController.m; sourceTree = "<group>"; };
		78AE83671FADEB5D003B1A34 /* Base */ = {isa = PBXFileReference; lastKnownFileType = file.storyboard; name = Base; path = Base.lproj/Main.storyboard; sourceTree = "<group>"; };
		78AE836A1FADEB5D003B1A34 /* Base */ = {isa = PBXFileReference; lastKnownFileType = file.storyboard; name = Base; path = Base.lproj/LaunchScreen.storyboard; sourceTree = "<group>"; };
		78AE836C1FADEB5D003B1A34 /* Info.plist */ = {isa = PBXFileReference; lastKnownFileType = text.plist.xml; path = Info.plist; sourceTree = "<group>"; };
		78AE836D1FADEB5D003B1A34 /* main.m */ = {isa = PBXFileReference; lastKnownFileType = sourcecode.c.objc; path = main.m; sourceTree = "<group>"; };
		78AE83731FADEB5D003B1A34 /* tappa.app */ = {isa = PBXFileReference; explicitFileType = wrapper.application; includeInIndex = 0; path = tappa.app; sourceTree = BUILT_PRODUCTS_DIR; };
		78AE83751FADEB5D003B1A34 /* AppDelegate.h */ = {isa = PBXFileReference; lastKnownFileType = sourcecode.c.h; path = AppDelegate.h; sourceTree = "<group>"; };
		78AE83761FADEB5D003B1A34 /* AppDelegate.m */ = {isa = PBXFileReference; lastKnownFileType = sourcecode.c.objc; path = AppDelegate.m; sourceTree = "<group>"; };
		78AE83781FADEB5D003B1A34 /* GameViewController.h */ = {isa = PBXFileReference; lastKnownFileType = sourcecode.c.h; path = GameViewController.h; sourceTree = "<group>"; };
		78AE83791FADEB5D003B1A34 /* GameViewController.m */ = {isa = PBXFileReference; lastKnownFileType = sourcecode.c.objc; path = GameViewController.m; sourceTree = "<group>"; };
		78AE837C1FADEB5D003B1A34 /* Base */ = {isa = PBXFileReference; lastKnownFileType = file.storyboard; name = Base; path = Base.lproj/Main.storyboard; sourceTree = "<group>"; };
		78AE837E1FADEB5D003B1A34 /* Info.plist */ = {isa = PBXFileReference; lastKnownFileType = text.plist.xml; path = Info.plist; sourceTree = "<group>"; };
		78AE837F1FADEB5D003B1A34 /* main.m */ = {isa = PBXFileReference; lastKnownFileType = sourcecode.c.objc; path = main.m; sourceTree = "<group>"; };
		78AE83931FADED22003B1A34 /* TPBug.h */ = {isa = PBXFileReference; lastKnownFileType = sourcecode.c.h; path = TPBug.h; sourceTree = "<group>"; };
		78AE83941FADED22003B1A34 /* TPBug.m */ = {isa = PBXFileReference; lastKnownFileType = sourcecode.c.objc; path = TPBug.m; sourceTree = "<group>"; };
		78AE83971FADEF33003B1A34 /* TPSharedTextureAtlas.h */ = {isa = PBXFileReference; lastKnownFileType = sourcecode.c.h; path = TPSharedTextureAtlas.h; sourceTree = "<group>"; };
		78AE83981FADEF33003B1A34 /* TPSharedTextureAtlas.m */ = {isa = PBXFileReference; lastKnownFileType = sourcecode.c.objc; path = TPSharedTextureAtlas.m; sourceTree = "<group>"; };
		78CF8D111FB0E71F00233F18 /* TPObject.h */ = {isa = PBXFileReference; lastKnownFileType = sourcecode.c.h; path = TPObject.h; sourceTree = "<group>"; };
		78CF8D121FB0E71F00233F18 /* TPObject.m */ = {isa = PBXFileReference; lastKnownFileType = sourcecode.c.objc; path = TPObject.m; sourceTree = "<group>"; };
		78CF8D151FB0E88600233F18 /* TPEvent.h */ = {isa = PBXFileReference; lastKnownFileType = sourcecode.c.h; path = TPEvent.h; sourceTree = "<group>"; };
		78CF8D161FB0E88700233F18 /* TPEvent.m */ = {isa = PBXFileReference; lastKnownFileType = sourcecode.c.objc; path = TPEvent.m; sourceTree = "<group>"; };
		78CF8D1A1FB0EAE400233F18 /* TPRunState.h */ = {isa = PBXFileReference; lastKnownFileType = sourcecode.c.h; path = TPRunState.h; sourceTree = "<group>"; };
		78CF8D1B1FB0EAE400233F18 /* TPRunState.m */ = {isa = PBXFileReference; lastKnownFileType = sourcecode.c.objc; path = TPRunState.m; sourceTree = "<group>"; };
		78CF8D1E1FB10B1900233F18 /* TPTurnState.h */ = {isa = PBXFileReference; lastKnownFileType = sourcecode.c.h; path = TPTurnState.h; sourceTree = "<group>"; };
		78CF8D1F1FB10B1900233F18 /* TPTurnState.m */ = {isa = PBXFileReference; lastKnownFileType = sourcecode.c.objc; path = TPTurnState.m; sourceTree = "<group>"; };
		78CF8D231FB204A800233F18 /* FSMState.h */ = {isa = PBXFileReference; lastKnownFileType = sourcecode.c.h; path = FSMState.h; sourceTree = "<group>"; };
		78CF8D241FB205D700233F18 /* FSMStackMachine.h */ = {isa = PBXFileReference; lastKnownFileType = sourcecode.c.h; path = FSMStackMachine.h; sourceTree = "<group>"; };
		78CF8D251FB205D700233F18 /* FSMStackMachine.m */ = {isa = PBXFileReference; lastKnownFileType = sourcecode.c.objc; path = FSMStackMachine.m; sourceTree = "<group>"; };
		78CF8D291FB2068C00233F18 /* Stack.h */ = {isa = PBXFileReference; lastKnownFileType = sourcecode.c.h; path = Stack.h; sourceTree = "<group>"; };
		78CF8D2A1FB2068C00233F18 /* Stack.m */ = {isa = PBXFileReference; lastKnownFileType = sourcecode.c.objc; path = Stack.m; sourceTree = "<group>"; };
		78CF8D2D1FB214F800233F18 /* TPDieState.h */ = {isa = PBXFileReference; lastKnownFileType = sourcecode.c.h; path = TPDieState.h; sourceTree = "<group>"; };
		78CF8D2E1FB214F800233F18 /* TPDieState.m */ = {isa = PBXFileReference; lastKnownFileType = sourcecode.c.objc; path = TPDieState.m; sourceTree = "<group>"; };
		78CF8D311FB24B1800233F18 /* TPDeadState.h */ = {isa = PBXFileReference; lastKnownFileType = sourcecode.c.h; path = TPDeadState.h; sourceTree = "<group>"; };
		78CF8D321FB24B1800233F18 /* TPDeadState.m */ = {isa = PBXFileReference; lastKnownFileType = sourcecode.c.objc; path = TPDeadState.m; sourceTree = "<group>"; };
/* End PBXFileReference section */

/* Begin PBXFrameworksBuildPhase section */
		78AE835A1FADEB5D003B1A34 /* Frameworks */ = {
			isa = PBXFrameworksBuildPhase;
			buildActionMask = 2147483647;
			files = (
			);
			runOnlyForDeploymentPostprocessing = 0;
		};
		78AE83701FADEB5D003B1A34 /* Frameworks */ = {
			isa = PBXFrameworksBuildPhase;
			buildActionMask = 2147483647;
			files = (
			);
			runOnlyForDeploymentPostprocessing = 0;
		};
/* End PBXFrameworksBuildPhase section */

/* Begin PBXGroup section */
		784817741FAF40480021D0FA /* scenes */ = {
			isa = PBXGroup;
			children = (
				784817751FAF40860021D0FA /* BugsScene.h */,
				784817761FAF40860021D0FA /* BugsScene.m */,
			);
			path = scenes;
			sourceTree = "<group>";
		};
		788018A31FBE264400011A18 /* particles */ = {
			isa = PBXGroup;
			children = (
				78A541281FC4B7A5005F7D5E /* daisy.png */,
				788018B71FBF84F900011A18 /* flower-r.png */,
			);
			path = particles;
			sourceTree = "<group>";
		};
		78A5412E1FC4C337005F7D5E /* bugs */ = {
			isa = PBXGroup;
			children = (
				78A5412F1FC4C355005F7D5E /* TPBlueBug.h */,
				78A541301FC4C355005F7D5E /* TPBlueBug.m */,
				78A541391FC5FDC8005F7D5E /* TPRedFly.h */,
				78A5413A1FC5FDC8005F7D5E /* TPRedFly.m */,
			);
			path = bugs;
			sourceTree = "<group>";
		};
		78AE834E1FADEB5C003B1A34 = {
			isa = PBXGroup;
			children = (
				788018AE1FBE2C6900011A18 /* Assets.xcassets */,
				78AE839E1FAE23AE003B1A34 /* resources */,
				78AE83531FADEB5D003B1A34 /* tappa Shared */,
				78AE835F1FADEB5D003B1A34 /* tappa iOS */,
				78AE83741FADEB5D003B1A34 /* tappa macOS */,
				78AE835E1FADEB5D003B1A34 /* Products */,
			);
			sourceTree = "<group>";
		};
		78AE83531FADEB5D003B1A34 /* tappa Shared */ = {
			isa = PBXGroup;
			children = (
				784817791FAF448E0021D0FA /* GameScene.h */,
				7848177A1FAF448E0021D0FA /* GameScene.m */,
				784817741FAF40480021D0FA /* scenes */,
				78AE83911FADEC87003B1A34 /* game */,
				78AE83541FADEB5D003B1A34 /* Actions.sks */,
				78AE83551FADEB5D003B1A34 /* BugsScene.sks */,
				78AE83581FADEB5D003B1A34 /* Assets.xcassets */,
				788018A71FBE276800011A18 /* bug-tap.sks */,
				78A5412B1FC4B7ED005F7D5E /* bug-tap2.sks */,
			);
			path = "tappa Shared";
			sourceTree = "<group>";
		};
		78AE835E1FADEB5D003B1A34 /* Products */ = {
			isa = PBXGroup;
			children = (
				78AE835D1FADEB5D003B1A34 /* tappa.app */,
				78AE83731FADEB5D003B1A34 /* tappa.app */,
			);
			name = Products;
			sourceTree = "<group>";
		};
		78AE835F1FADEB5D003B1A34 /* tappa iOS */ = {
			isa = PBXGroup;
			children = (
				78AE83601FADEB5D003B1A34 /* AppDelegate.h */,
				78AE83611FADEB5D003B1A34 /* AppDelegate.m */,
				78AE83631FADEB5D003B1A34 /* GameViewController.h */,
				78AE83641FADEB5D003B1A34 /* GameViewController.m */,
				78AE83661FADEB5D003B1A34 /* Main.storyboard */,
				78AE83691FADEB5D003B1A34 /* LaunchScreen.storyboard */,
				78AE836C1FADEB5D003B1A34 /* Info.plist */,
				78AE836D1FADEB5D003B1A34 /* main.m */,
			);
			path = "tappa iOS";
			sourceTree = "<group>";
		};
		78AE83741FADEB5D003B1A34 /* tappa macOS */ = {
			isa = PBXGroup;
			children = (
				78AE83751FADEB5D003B1A34 /* AppDelegate.h */,
				78AE83761FADEB5D003B1A34 /* AppDelegate.m */,
				78AE83781FADEB5D003B1A34 /* GameViewController.h */,
				78AE83791FADEB5D003B1A34 /* GameViewController.m */,
				78AE837B1FADEB5D003B1A34 /* Main.storyboard */,
				78AE837E1FADEB5D003B1A34 /* Info.plist */,
				78AE837F1FADEB5D003B1A34 /* main.m */,
			);
			path = "tappa macOS";
			sourceTree = "<group>";
		};
		78AE83911FADEC87003B1A34 /* game */ = {
			isa = PBXGroup;
			children = (
				78A5412E1FC4C337005F7D5E /* bugs */,
				78CF8D281FB2065E00233F18 /* utils */,
				78CF8D221FB2045600233F18 /* FSM */,
				78CF8D191FB0EACD00233F18 /* states */,
				78AE83931FADED22003B1A34 /* TPBug.h */,
				78AE83941FADED22003B1A34 /* TPBug.m */,
				78AE83971FADEF33003B1A34 /* TPSharedTextureAtlas.h */,
				78AE83981FADEF33003B1A34 /* TPSharedTextureAtlas.m */,
				78CF8D111FB0E71F00233F18 /* TPObject.h */,
				78CF8D121FB0E71F00233F18 /* TPObject.m */,
				78CF8D151FB0E88600233F18 /* TPEvent.h */,
				78CF8D161FB0E88700233F18 /* TPEvent.m */,
				7880189F1FBD910C00011A18 /* DebugNode.h */,
				788018A01FBD910C00011A18 /* DebugNode.m */,
				788018B31FBF711A00011A18 /* TPEmitter.h */,
				788018B41FBF711A00011A18 /* TPEmitter.m */,
				787059071FCF4FD400C22C4C /* TPBugGenerator.h */,
				787059081FCF4FD400C22C4C /* TPBugGenerator.m */,
			);
			path = game;
			sourceTree = "<group>";
		};
		78AE839E1FAE23AE003B1A34 /* resources */ = {
			isa = PBXGroup;
			children = (
				78A541361FC5F3E6005F7D5E /* Bugs.atlas */,
				78A541331FC5F34C005F7D5E /* Bugs@2x.atlas */,
				788018A31FBE264400011A18 /* particles */,
			);
			name = resources;
			sourceTree = "<group>";
		};
		78CF8D191FB0EACD00233F18 /* states */ = {
			isa = PBXGroup;
			children = (
				78CF8D1A1FB0EAE400233F18 /* TPRunState.h */,
				78CF8D1B1FB0EAE400233F18 /* TPRunState.m */,
				78CF8D1E1FB10B1900233F18 /* TPTurnState.h */,
				78CF8D1F1FB10B1900233F18 /* TPTurnState.m */,
				78CF8D2D1FB214F800233F18 /* TPDieState.h */,
				78CF8D2E1FB214F800233F18 /* TPDieState.m */,
				78CF8D311FB24B1800233F18 /* TPDeadState.h */,
				78CF8D321FB24B1800233F18 /* TPDeadState.m */,
			);
			path = states;
			sourceTree = "<group>";
		};
		78CF8D221FB2045600233F18 /* FSM */ = {
			isa = PBXGroup;
			children = (
				78CF8D231FB204A800233F18 /* FSMState.h */,
				78CF8D241FB205D700233F18 /* FSMStackMachine.h */,
				78CF8D251FB205D700233F18 /* FSMStackMachine.m */,
			);
			path = FSM;
			sourceTree = "<group>";
		};
		78CF8D281FB2065E00233F18 /* utils */ = {
			isa = PBXGroup;
			children = (
				78CF8D291FB2068C00233F18 /* Stack.h */,
				78CF8D2A1FB2068C00233F18 /* Stack.m */,
			);
			path = utils;
			sourceTree = "<group>";
		};
/* End PBXGroup section */

/* Begin PBXNativeTarget section */
		78AE835C1FADEB5D003B1A34 /* tappa iOS */ = {
			isa = PBXNativeTarget;
			buildConfigurationList = 78AE838B1FADEB5D003B1A34 /* Build configuration list for PBXNativeTarget "tappa iOS" */;
			buildPhases = (
				78AE83591FADEB5D003B1A34 /* Sources */,
				78AE835A1FADEB5D003B1A34 /* Frameworks */,
				78AE835B1FADEB5D003B1A34 /* Resources */,
			);
			buildRules = (
			);
			dependencies = (
			);
			name = "tappa iOS";
			productName = "tappa iOS";
			productReference = 78AE835D1FADEB5D003B1A34 /* tappa.app */;
			productType = "com.apple.product-type.application";
		};
		78AE83721FADEB5D003B1A34 /* tappa macOS */ = {
			isa = PBXNativeTarget;
			buildConfigurationList = 78AE838E1FADEB5D003B1A34 /* Build configuration list for PBXNativeTarget "tappa macOS" */;
			buildPhases = (
				78AE836F1FADEB5D003B1A34 /* Sources */,
				78AE83701FADEB5D003B1A34 /* Frameworks */,
				78AE83711FADEB5D003B1A34 /* Resources */,
			);
			buildRules = (
			);
			dependencies = (
			);
			name = "tappa macOS";
			productName = "tappa macOS";
			productReference = 78AE83731FADEB5D003B1A34 /* tappa.app */;
			productType = "com.apple.product-type.application";
		};
/* End PBXNativeTarget section */

/* Begin PBXProject section */
		78AE834F1FADEB5C003B1A34 /* Project object */ = {
			isa = PBXProject;
			attributes = {
				LastUpgradeCheck = 0900;
				ORGANIZATIONNAME = "Igor Rudym";
				TargetAttributes = {
					78AE835C1FADEB5D003B1A34 = {
						CreatedOnToolsVersion = 9.0.1;
						ProvisioningStyle = Automatic;
					};
					78AE83721FADEB5D003B1A34 = {
						CreatedOnToolsVersion = 9.0.1;
						ProvisioningStyle = Automatic;
					};
				};
			};
			buildConfigurationList = 78AE83521FADEB5C003B1A34 /* Build configuration list for PBXProject "tappa" */;
			compatibilityVersion = "Xcode 8.0";
			developmentRegion = en;
			hasScannedForEncodings = 0;
			knownRegions = (
				en,
				Base,
			);
			mainGroup = 78AE834E1FADEB5C003B1A34;
			productRefGroup = 78AE835E1FADEB5D003B1A34 /* Products */;
			projectDirPath = "";
			projectRoot = "";
			targets = (
				78AE835C1FADEB5D003B1A34 /* tappa iOS */,
				78AE83721FADEB5D003B1A34 /* tappa macOS */,
			);
		};
/* End PBXProject section */

/* Begin PBXResourcesBuildPhase section */
		78AE835B1FADEB5D003B1A34 /* Resources */ = {
			isa = PBXResourcesBuildPhase;
			buildActionMask = 2147483647;
			files = (
				78AE83831FADEB5D003B1A34 /* BugsScene.sks in Resources */,
				78A541291FC4B7A6005F7D5E /* daisy.png in Resources */,
				78A541371FC5F3E7005F7D5E /* Bugs.atlas in Resources */,
				788018A81FBE276800011A18 /* bug-tap.sks in Resources */,
				78A5412C1FC4B7EE005F7D5E /* bug-tap2.sks in Resources */,
				788018B11FBE2C6900011A18 /* Assets.xcassets in Resources */,
				78AE83681FADEB5D003B1A34 /* Main.storyboard in Resources */,
				78A541341FC5F34C005F7D5E /* Bugs@2x.atlas in Resources */,
				78AE83811FADEB5D003B1A34 /* Actions.sks in Resources */,
				788018B81FBF84F900011A18 /* flower-r.png in Resources */,
				78AE836B1FADEB5D003B1A34 /* LaunchScreen.storyboard in Resources */,
				78AE83871FADEB5D003B1A34 /* Assets.xcassets in Resources */,
			);
			runOnlyForDeploymentPostprocessing = 0;
		};
		78AE83711FADEB5D003B1A34 /* Resources */ = {
			isa = PBXResourcesBuildPhase;
			buildActionMask = 2147483647;
			files = (
				78A5412A1FC4B7A6005F7D5E /* daisy.png in Resources */,
				788018A91FBE276800011A18 /* bug-tap.sks in Resources */,
				78AE837D1FADEB5D003B1A34 /* Main.storyboard in Resources */,
				78A5412D1FC4B7EE005F7D5E /* bug-tap2.sks in Resources */,
				78AE83841FADEB5D003B1A34 /* BugsScene.sks in Resources */,
				78A541381FC5F3E7005F7D5E /* Bugs.atlas in Resources */,
				78AE83881FADEB5D003B1A34 /* Assets.xcassets in Resources */,
				788018B21FBE2C6900011A18 /* Assets.xcassets in Resources */,
				78A541351FC5F34C005F7D5E /* Bugs@2x.atlas in Resources */,
				788018B91FBF84F900011A18 /* flower-r.png in Resources */,
				78AE83821FADEB5D003B1A34 /* Actions.sks in Resources */,
			);
			runOnlyForDeploymentPostprocessing = 0;
		};
/* End PBXResourcesBuildPhase section */

/* Begin PBXSourcesBuildPhase section */
		78AE83591FADEB5D003B1A34 /* Sources */ = {
			isa = PBXSourcesBuildPhase;
			buildActionMask = 2147483647;
			files = (
				78CF8D131FB0E71F00233F18 /* TPObject.m in Sources */,
				78CF8D2B1FB2068C00233F18 /* Stack.m in Sources */,
				78CF8D2F1FB214F800233F18 /* TPDieState.m in Sources */,
				78A5413B1FC5FDC8005F7D5E /* TPRedFly.m in Sources */,
				788018A11FBD910C00011A18 /* DebugNode.m in Sources */,
				78AE83651FADEB5D003B1A34 /* GameViewController.m in Sources */,
				78AE836E1FADEB5D003B1A34 /* main.m in Sources */,
				784817771FAF40860021D0FA /* BugsScene.m in Sources */,
				788018B51FBF711A00011A18 /* TPEmitter.m in Sources */,
				78CF8D201FB10B1900233F18 /* TPTurnState.m in Sources */,
				78CF8D171FB0E88700233F18 /* TPEvent.m in Sources */,
				7848177B1FAF49B60021D0FA /* GameScene.m in Sources */,
				787059091FCF4FD400C22C4C /* TPBugGenerator.m in Sources */,
				78AE83621FADEB5D003B1A34 /* AppDelegate.m in Sources */,
				78A541311FC4C355005F7D5E /* TPBlueBug.m in Sources */,
				78AE83991FADEF33003B1A34 /* TPSharedTextureAtlas.m in Sources */,
				78CF8D261FB205D700233F18 /* FSMStackMachine.m in Sources */,
				78AE83951FADED22003B1A34 /* TPBug.m in Sources */,
				78CF8D331FB24B1800233F18 /* TPDeadState.m in Sources */,
				78CF8D1C1FB0EAE400233F18 /* TPRunState.m in Sources */,
			);
			runOnlyForDeploymentPostprocessing = 0;
		};
		78AE836F1FADEB5D003B1A34 /* Sources */ = {
			isa = PBXSourcesBuildPhase;
			buildActionMask = 2147483647;
			files = (
				78CF8D141FB0E71F00233F18 /* TPObject.m in Sources */,
				78CF8D2C1FB2068C00233F18 /* Stack.m in Sources */,
				78CF8D301FB214F800233F18 /* TPDieState.m in Sources */,
				78A5413C1FC5FDC8005F7D5E /* TPRedFly.m in Sources */,
				788018A21FBD910C00011A18 /* DebugNode.m in Sources */,
				78AE837A1FADEB5D003B1A34 /* GameViewController.m in Sources */,
				78AE83801FADEB5D003B1A34 /* main.m in Sources */,
				784817781FAF40860021D0FA /* BugsScene.m in Sources */,
				788018B61FBF711A00011A18 /* TPEmitter.m in Sources */,
				78CF8D211FB10B1900233F18 /* TPTurnState.m in Sources */,
				78CF8D181FB0E88700233F18 /* TPEvent.m in Sources */,
				7848177C1FAF49B60021D0FA /* GameScene.m in Sources */,
				7870590A1FCF4FD400C22C4C /* TPBugGenerator.m in Sources */,
				78AE83771FADEB5D003B1A34 /* AppDelegate.m in Sources */,
				78A541321FC4C355005F7D5E /* TPBlueBug.m in Sources */,
				78AE839A1FADEF33003B1A34 /* TPSharedTextureAtlas.m in Sources */,
				78CF8D271FB205D700233F18 /* FSMStackMachine.m in Sources */,
				78AE83961FADED22003B1A34 /* TPBug.m in Sources */,
				78CF8D341FB24B1800233F18 /* TPDeadState.m in Sources */,
				78CF8D1D1FB0EAE400233F18 /* TPRunState.m in Sources */,
			);
			runOnlyForDeploymentPostprocessing = 0;
		};
/* End PBXSourcesBuildPhase section */

/* Begin PBXVariantGroup section */
		78AE83661FADEB5D003B1A34 /* Main.storyboard */ = {
			isa = PBXVariantGroup;
			children = (
				78AE83671FADEB5D003B1A34 /* Base */,
			);
			name = Main.storyboard;
			sourceTree = "<group>";
		};
		78AE83691FADEB5D003B1A34 /* LaunchScreen.storyboard */ = {
			isa = PBXVariantGroup;
			children = (
				78AE836A1FADEB5D003B1A34 /* Base */,
			);
			name = LaunchScreen.storyboard;
			sourceTree = "<group>";
		};
		78AE837B1FADEB5D003B1A34 /* Main.storyboard */ = {
			isa = PBXVariantGroup;
			children = (
				78AE837C1FADEB5D003B1A34 /* Base */,
			);
			name = Main.storyboard;
			sourceTree = "<group>";
		};
/* End PBXVariantGroup section */

/* Begin XCBuildConfiguration section */
		78AE83891FADEB5D003B1A34 /* Debug */ = {
			isa = XCBuildConfiguration;
			buildSettings = {
				ALWAYS_SEARCH_USER_PATHS = NO;
				CLANG_ANALYZER_NONNULL = YES;
				CLANG_ANALYZER_NUMBER_OBJECT_CONVERSION = YES_AGGRESSIVE;
				CLANG_CXX_LANGUAGE_STANDARD = "gnu++14";
				CLANG_CXX_LIBRARY = "libc++";
				CLANG_ENABLE_MODULES = YES;
				CLANG_ENABLE_OBJC_ARC = YES;
				CLANG_WARN_BLOCK_CAPTURE_AUTORELEASING = YES;
				CLANG_WARN_BOOL_CONVERSION = YES;
				CLANG_WARN_COMMA = YES;
				CLANG_WARN_CONSTANT_CONVERSION = YES;
				CLANG_WARN_DIRECT_OBJC_ISA_USAGE = YES_ERROR;
				CLANG_WARN_DOCUMENTATION_COMMENTS = YES;
				CLANG_WARN_EMPTY_BODY = YES;
				CLANG_WARN_ENUM_CONVERSION = YES;
				CLANG_WARN_INFINITE_RECURSION = YES;
				CLANG_WARN_INT_CONVERSION = YES;
				CLANG_WARN_NON_LITERAL_NULL_CONVERSION = YES;
				CLANG_WARN_OBJC_LITERAL_CONVERSION = YES;
				CLANG_WARN_OBJC_ROOT_CLASS = YES_ERROR;
				CLANG_WARN_RANGE_LOOP_ANALYSIS = YES;
				CLANG_WARN_STRICT_PROTOTYPES = YES;
				CLANG_WARN_SUSPICIOUS_MOVE = YES;
				CLANG_WARN_UNGUARDED_AVAILABILITY = YES_AGGRESSIVE;
				CLANG_WARN_UNREACHABLE_CODE = YES;
				CLANG_WARN__DUPLICATE_METHOD_MATCH = YES;
				COPY_PHASE_STRIP = NO;
				DEBUG_INFORMATION_FORMAT = dwarf;
				ENABLE_STRICT_OBJC_MSGSEND = YES;
				ENABLE_TESTABILITY = YES;
				GCC_C_LANGUAGE_STANDARD = gnu11;
				GCC_DYNAMIC_NO_PIC = NO;
				GCC_NO_COMMON_BLOCKS = YES;
				GCC_OPTIMIZATION_LEVEL = 0;
				GCC_PREPROCESSOR_DEFINITIONS = (
					"DEBUG=1",
					"$(inherited)",
				);
				GCC_WARN_64_TO_32_BIT_CONVERSION = YES;
				GCC_WARN_ABOUT_RETURN_TYPE = YES_ERROR;
				GCC_WARN_UNDECLARED_SELECTOR = YES;
				GCC_WARN_UNINITIALIZED_AUTOS = YES_AGGRESSIVE;
				GCC_WARN_UNUSED_FUNCTION = YES;
				GCC_WARN_UNUSED_VARIABLE = YES;
				MTL_ENABLE_DEBUG_INFO = YES;
				ONLY_ACTIVE_ARCH = YES;
			};
			name = Debug;
		};
		78AE838A1FADEB5D003B1A34 /* Release */ = {
			isa = XCBuildConfiguration;
			buildSettings = {
				ALWAYS_SEARCH_USER_PATHS = NO;
				CLANG_ANALYZER_NONNULL = YES;
				CLANG_ANALYZER_NUMBER_OBJECT_CONVERSION = YES_AGGRESSIVE;
				CLANG_CXX_LANGUAGE_STANDARD = "gnu++14";
				CLANG_CXX_LIBRARY = "libc++";
				CLANG_ENABLE_MODULES = YES;
				CLANG_ENABLE_OBJC_ARC = YES;
				CLANG_WARN_BLOCK_CAPTURE_AUTORELEASING = YES;
				CLANG_WARN_BOOL_CONVERSION = YES;
				CLANG_WARN_COMMA = YES;
				CLANG_WARN_CONSTANT_CONVERSION = YES;
				CLANG_WARN_DIRECT_OBJC_ISA_USAGE = YES_ERROR;
				CLANG_WARN_DOCUMENTATION_COMMENTS = YES;
				CLANG_WARN_EMPTY_BODY = YES;
				CLANG_WARN_ENUM_CONVERSION = YES;
				CLANG_WARN_INFINITE_RECURSION = YES;
				CLANG_WARN_INT_CONVERSION = YES;
				CLANG_WARN_NON_LITERAL_NULL_CONVERSION = YES;
				CLANG_WARN_OBJC_LITERAL_CONVERSION = YES;
				CLANG_WARN_OBJC_ROOT_CLASS = YES_ERROR;
				CLANG_WARN_RANGE_LOOP_ANALYSIS = YES;
				CLANG_WARN_STRICT_PROTOTYPES = YES;
				CLANG_WARN_SUSPICIOUS_MOVE = YES;
				CLANG_WARN_UNGUARDED_AVAILABILITY = YES_AGGRESSIVE;
				CLANG_WARN_UNREACHABLE_CODE = YES;
				CLANG_WARN__DUPLICATE_METHOD_MATCH = YES;
				COPY_PHASE_STRIP = NO;
				DEBUG_INFORMATION_FORMAT = "dwarf-with-dsym";
				ENABLE_NS_ASSERTIONS = NO;
				ENABLE_STRICT_OBJC_MSGSEND = YES;
				GCC_C_LANGUAGE_STANDARD = gnu11;
				GCC_NO_COMMON_BLOCKS = YES;
				GCC_WARN_64_TO_32_BIT_CONVERSION = YES;
				GCC_WARN_ABOUT_RETURN_TYPE = YES_ERROR;
				GCC_WARN_UNDECLARED_SELECTOR = YES;
				GCC_WARN_UNINITIALIZED_AUTOS = YES_AGGRESSIVE;
				GCC_WARN_UNUSED_FUNCTION = YES;
				GCC_WARN_UNUSED_VARIABLE = YES;
				MTL_ENABLE_DEBUG_INFO = NO;
			};
			name = Release;
		};
		78AE838C1FADEB5D003B1A34 /* Debug */ = {
			isa = XCBuildConfiguration;
			buildSettings = {
				ASSETCATALOG_COMPILER_APPICON_NAME = AppIcon;
				CODE_SIGN_IDENTITY = "iPhone Developer";
				CODE_SIGN_STYLE = Automatic;
				DEVELOPMENT_TEAM = T854R2JZ33;
				INFOPLIST_FILE = "tappa iOS/Info.plist";
				IPHONEOS_DEPLOYMENT_TARGET = 11.0;
				LD_RUNPATH_SEARCH_PATHS = "$(inherited) @executable_path/Frameworks";
				PRODUCT_BUNDLE_IDENTIFIER = tech.fennect.tappa;
				PRODUCT_NAME = tappa;
				SDKROOT = iphoneos;
				TARGETED_DEVICE_FAMILY = "1,2";
			};
			name = Debug;
		};
		78AE838D1FADEB5D003B1A34 /* Release */ = {
			isa = XCBuildConfiguration;
			buildSettings = {
				ASSETCATALOG_COMPILER_APPICON_NAME = AppIcon;
				CODE_SIGN_IDENTITY = "iPhone Developer";
				CODE_SIGN_STYLE = Automatic;
				DEVELOPMENT_TEAM = T854R2JZ33;
				INFOPLIST_FILE = "tappa iOS/Info.plist";
				IPHONEOS_DEPLOYMENT_TARGET = 11.0;
				LD_RUNPATH_SEARCH_PATHS = "$(inherited) @executable_path/Frameworks";
				PRODUCT_BUNDLE_IDENTIFIER = tech.fennect.tappa;
				PRODUCT_NAME = tappa;
				SDKROOT = iphoneos;
				TARGETED_DEVICE_FAMILY = "1,2";
				VALIDATE_PRODUCT = YES;
			};
			name = Release;
		};
		78AE838F1FADEB5D003B1A34 /* Debug */ = {
			isa = XCBuildConfiguration;
			buildSettings = {
				ASSETCATALOG_COMPILER_APPICON_NAME = AppIcon;
				CODE_SIGN_IDENTITY = "-";
				CODE_SIGN_STYLE = Automatic;
				COMBINE_HIDPI_IMAGES = YES;
				DEVELOPMENT_TEAM = T854R2JZ33;
				INFOPLIST_FILE = "tappa macOS/Info.plist";
				LD_RUNPATH_SEARCH_PATHS = "$(inherited) @executable_path/../Frameworks";
				MACOSX_DEPLOYMENT_TARGET = 10.12;
				PRODUCT_BUNDLE_IDENTIFIER = tech.fennect.tappa;
				PRODUCT_NAME = tappa;
				SDKROOT = macosx;
			};
			name = Debug;
		};
		78AE83901FADEB5D003B1A34 /* Release */ = {
			isa = XCBuildConfiguration;
			buildSettings = {
				ASSETCATALOG_COMPILER_APPICON_NAME = AppIcon;
				CODE_SIGN_IDENTITY = "-";
				CODE_SIGN_STYLE = Automatic;
				COMBINE_HIDPI_IMAGES = YES;
				DEVELOPMENT_TEAM = T854R2JZ33;
				INFOPLIST_FILE = "tappa macOS/Info.plist";
				LD_RUNPATH_SEARCH_PATHS = "$(inherited) @executable_path/../Frameworks";
				MACOSX_DEPLOYMENT_TARGET = 10.12;
				PRODUCT_BUNDLE_IDENTIFIER = tech.fennect.tappa;
				PRODUCT_NAME = tappa;
				SDKROOT = macosx;
			};
			name = Release;
		};
/* End XCBuildConfiguration section */

/* Begin XCConfigurationList section */
		78AE83521FADEB5C003B1A34 /* Build configuration list for PBXProject "tappa" */ = {
			isa = XCConfigurationList;
			buildConfigurations = (
				78AE83891FADEB5D003B1A34 /* Debug */,
				78AE838A1FADEB5D003B1A34 /* Release */,
			);
			defaultConfigurationIsVisible = 0;
			defaultConfigurationName = Release;
		};
		78AE838B1FADEB5D003B1A34 /* Build configuration list for PBXNativeTarget "tappa iOS" */ = {
			isa = XCConfigurationList;
			buildConfigurations = (
				78AE838C1FADEB5D003B1A34 /* Debug */,
				78AE838D1FADEB5D003B1A34 /* Release */,
			);
			defaultConfigurationIsVisible = 0;
			defaultConfigurationName = Release;
		};
		78AE838E1FADEB5D003B1A34 /* Build configuration list for PBXNativeTarget "tappa macOS" */ = {
			isa = XCConfigurationList;
			buildConfigurations = (
				78AE838F1FADEB5D003B1A34 /* Debug */,
				78AE83901FADEB5D003B1A34 /* Release */,
			);
			defaultConfigurationIsVisible = 0;
			defaultConfigurationName = Release;
		};
/* End XCConfigurationList section */
	};
	rootObject = 78AE834F1FADEB5C003B1A34 /* Project object */;
}
